{
    "version": "0.5",
    "requires": [
        "gtest/1.15.0#9eb07f548819215e766e41399858454f%1721318797.609",
        "ap-bundle/5.0#eaa6b83bdaec9dcb9b51b79b245cdf102b1f51dc%1744482607.4787397"
    ],
    "build_requires": [
        "gtest/1.15.0#9eb07f548819215e766e41399858454f%1721318797.609",
        "cmake/3.30.5#540068cc37f1d21b42b729c82d6bcb29%1728562547.207"
    ],
    "python_requires": [],
    "config_requires": []
}
