{
    "version": "0.5",
    "requires": [
        "gtest/1.14.0#25e2a474b4d1aecf5ff4f0555dcdf72c%1715096213.863",
        "ap-bundle/6.0#55625642b05009037133829a4b37af1d27c3e37b%1744483326.270351"
    ],
    "build_requires": [
        "cmake/3.30.5#540068cc37f1d21b42b729c82d6bcb29%1728562547.207"
    ],
    "python_requires": [],
    "config_requires": []
}
